
Microsoft Visual Studio Solution File, Format Version 12.00
# Visual Studio Version 16
VisualStudioVersion = 16.0.29613.14
MinimumVisualStudioVersion = 10.0.40219.1
Project("{FAE04EC0-301F-11D3-BF4B-00C04F79EFBC}") = "Project1", "Project1\Project1.csproj", "{D52988EC-0147-4529-AFDE-9A50CDCCA719}"
EndProject
Global
	GlobalSection(SolutionConfigurationPlatforms) = preSolution
		Debug|Any CPU = Debug|Any CPU
		Release|Any CPU = Release|Any CPU
	EndGlobalSection
	GlobalSection(ProjectConfigurationPlatforms) = postSolution
		{D52988EC-0147-4529-AFDE-9A50CDCCA719}.Debug|Any CPU.ActiveCfg = Debug|Any CPU
		{D52988EC-0147-4529-AFDE-9A50CDCCA719}.Debug|Any CPU.Build.0 = Debug|Any CPU
		{D52988EC-0147-4529-AFDE-9A50CDCCA719}.Release|Any CPU.ActiveCfg = Release|Any CPU
		{D52988EC-0147-4529-AFDE-9A50CDCCA719}.Release|Any CPU.Build.0 = Release|Any CPU
	EndGlobalSection
	GlobalSection(SolutionProperties) = preSolution
		HideSolutionNode = FALSE
	EndGlobalSection
	GlobalSection(ExtensibilityGlobals) = postSolution
		SolutionGuid = {3D37749D-2497-40CD-9019-23A6F4FA1FFD}
	EndGlobalSection
EndGlobal
